// !$*UTF8*$!
{
	archiveVersion = 1;
	classes = {
	};
	objectVersion = 50;
	objects = {

/* Begin PBXBuildFile section */
		2199FE422481FC6300C11AAE /* AppDelegate.swift in Sources */ = {isa = PBXBuildFile; fileRef = 2199FE412481FC6300C11AAE /* AppDelegate.swift */; };
		2199FE442481FC6300C11AAE /* SceneDelegate.swift in Sources */ = {isa = PBXBuildFile; fileRef = 2199FE432481FC6300C11AAE /* SceneDelegate.swift */; };
		2199FE462481FC6300C11AAE /* ViewController.swift in Sources */ = {isa = PBXBuildFile; fileRef = 2199FE452481FC6300C11AAE /* ViewController.swift */; };
		2199FE492481FC6300C11AAE /* Main.storyboard in Resources */ = {isa = PBXBuildFile; fileRef = 2199FE472481FC6300C11AAE /* Main.storyboard */; };
		2199FE4B2481FC6900C11AAE /* Assets.xcassets in Resources */ = {isa = PBXBuildFile; fileRef = 2199FE4A2481FC6900C11AAE /* Assets.xcassets */; };
		2199FE4E2481FC6900C11AAE /* LaunchScreen.storyboard in Resources */ = {isa = PBXBuildFile; fileRef = 2199FE4C2481FC6900C11AAE /* LaunchScreen.storyboard */; };
/* End PBXBuildFile section */

/* Begin PBXFileReference section */
		2199FE3E2481FC6300C11AAE /* TEST7.app */ = {isa = PBXFileReference; explicitFileType = wrapper.application; includeInIndex = 0; path = TEST7.app; sourceTree = BUILT_PRODUCTS_DIR; };
		2199FE412481FC6300C11AAE /* AppDelegate.swift */ = {isa = PBXFileReference; lastKnownFileType = sourcecode.swift; path = AppDelegate.swift; sourceTree = "<group>"; };
		2199FE432481FC6300C11AAE /* SceneDelegate.swift */ = {isa = PBXFileReference; lastKnownFileType = sourcecode.swift; path = SceneDelegate.swift; sourceTree = "<group>"; };
		2199FE452481FC6300C11AAE /* ViewController.swift */ = {isa = PBXFileReference; lastKnownFileType = sourcecode.swift; path = ViewController.swift; sourceTree = "<group>"; };
		2199FE482481FC6300C11AAE /* Base */ = {isa = PBXFileReference; lastKnownFileType = file.storyboard; name = Base; path = Base.lproj/Main.storyboard; sourceTree = "<group>"; };
		2199FE4A2481FC6900C11AAE /* Assets.xcassets */ = {isa = PBXFileReference; lastKnownFileType = folder.assetcatalog; path = Assets.xcassets; sourceTree = "<group>"; };
		2199FE4D2481FC6900C11AAE /* Base */ = {isa = PBXFileReference; lastKnownFileType = file.storyboard; name = Base; path = Base.lproj/LaunchScreen.storyboard; sourceTree = "<group>"; };
		2199FE4F2481FC6900C11AAE /* Info.plist */ = {isa = PBXFileReference; lastKnownFileType = text.plist.xml; path = Info.plist; sourceTree = "<group>"; };
/* End PBXFileReference section */

/* Begin PBXFrameworksBuildPhase section */
		2199FE3B2481FC6300C11AAE /* Frameworks */ = {
			isa = PBXFrameworksBuildPhase;
			buildActionMask = 2147483647;
			files = (
			);
			runOnlyForDeploymentPostprocessing = 0;
		};
/* End PBXFrameworksBuildPhase section */

/* Begin PBXGroup section */
		2199FE352481FC6300C11AAE = {
			isa = PBXGroup;
			children = (
				2199FE402481FC6300C11AAE /* TEST7 */,
				2199FE3F2481FC6300C11AAE /* Products */,
			);
			sourceTree = "<group>";
		};
		2199FE3F2481FC6300C11AAE /* Products */ = {
			isa = PBXGroup;
			children = (
				2199FE3E2481FC6300C11AAE /* TEST7.app */,
			);
			name = Products;
			sourceTree = "<group>";
		};
		2199FE402481FC6300C11AAE /* TEST7 */ = {
			isa = PBXGroup;
			children = (
				2199FE412481FC6300C11AAE /* AppDelegate.swift */,
				2199FE432481FC6300C11AAE /* SceneDelegate.swift */,
				2199FE452481FC6300C11AAE /* ViewController.swift */,
				2199FE472481FC6300C11AAE /* Main.storyboard */,
				2199FE4A2481FC6900C11AAE /* Assets.xcassets */,
				2199FE4C2481FC6900C11AAE /* LaunchScreen.storyboard */,
				2199FE4F2481FC6900C11AAE /* Info.plist */,
			);
			path = TEST7;
			sourceTree = "<group>";
		};
/* End PBXGroup section */

/* Begin PBXNativeTarget section */
		2199FE3D2481FC6300C11AAE /* TEST7 */ = {
			isa = PBXNativeTarget;
			buildConfigurationList = 2199FE522481FC6900C11AAE /* Build configuration list for PBXNativeTarget "TEST7" */;
			buildPhases = (
				2199FE3A2481FC6300C11AAE /* Sources */,
				2199FE3B2481FC6300C11AAE /* Frameworks */,
				2199FE3C2481FC6300C11AAE /* Resources */,
			);
			buildRules = (
			);
			dependencies = (
			);
			name = TEST7;
			productName = TEST7;
			productReference = 2199FE3E2481FC6300C11AAE /* TEST7.app */;
			productType = "com.apple.product-type.application";
		};
/* End PBXNativeTarget section */

/* Begin PBXProject section */
		2199FE362481FC6300C11AAE /* Project object */ = {
			isa = PBXProject;
			attributes = {
				LastSwiftUpdateCheck = 1110;
				LastUpgradeCheck = 1110;
				ORGANIZATIONNAME = miki.takagaki;
				TargetAttributes = {
					2199FE3D2481FC6300C11AAE = {
						CreatedOnToolsVersion = 11.1;
					};
				};
			};
			buildConfigurationList = 2199FE392481FC6300C11AAE /* Build configuration list for PBXProject "TEST7" */;
			compatibilityVersion = "Xcode 9.3";
			developmentRegion = en;
			hasScannedForEncodings = 0;
			knownRegions = (
				en,
				Base,
			);
			mainGroup = 2199FE352481FC6300C11AAE;
			productRefGroup = 2199FE3F2481FC6300C11AAE /* Products */;
			projectDirPath = "";
			projectRoot = "";
			targets = (
				2199FE3D2481FC6300C11AAE /* TEST7 */,
			);
		};
/* End PBXProject section */

/* Begin PBXResourcesBuildPhase section */
		2199FE3C2481FC6300C11AAE /* Resources */ = {
			isa = PBXResourcesBuildPhase;
			buildActionMask = 2147483647;
			files = (
				2199FE4E2481FC6900C11AAE /* LaunchScreen.storyboard in Resources */,
				2199FE4B2481FC6900C11AAE /* Assets.xcassets in Resources */,
				2199FE492481FC6300C11AAE /* Main.storyboard in Resources */,
			);
			runOnlyForDeploymentPostprocessing = 0;
		};
/* End PBXResourcesBuildPhase section */

/* Begin PBXSourcesBuildPhase section */
		2199FE3A2481FC6300C11AAE /* Sources */ = {
			isa = PBXSourcesBuildPhase;
			buildActionMask = 2147483647;
			files = (
				2199FE462481FC6300C11AAE /* ViewController.swift in Sources */,
				2199FE422481FC6300C11AAE /* AppDelegate.swift in Sources */,
				2199FE442481FC6300C11AAE /* SceneDelegate.swift in Sources */,
			);
			runOnlyForDeploymentPostprocessing = 0;
		};
/* End PBXSourcesBuildPhase section */

/* Begin PBXVariantGroup section */
		2199FE472481FC6300C11AAE /* Main.storyboard */ = {
			isa = PBXVariantGroup;
			children = (
				2199FE482481FC6300C11AAE /* Base */,
			);
			name = Main.storyboard;
			sourceTree = "<group>";
		};
		2199FE4C2481FC6900C11AAE /* LaunchScreen.storyboard */ = {
			isa = PBXVariantGroup;
			children = (
				2199FE4D2481FC6900C11AAE /* Base */,
			);
			name = LaunchScreen.storyboard;
			sourceTree = "<group>";
		};
/* End PBXVariantGroup section */

/* Begin XCBuildConfiguration section */
		2199FE502481FC6900C11AAE /* Debug */ = {
			isa = XCBuildConfiguration;
			buildSettings = {
				ALWAYS_SEARCH_USER_PATHS = NO;
				CLANG_ANALYZER_NONNULL = YES;
				CLANG_ANALYZER_NUMBER_OBJECT_CONVERSION = YES_AGGRESSIVE;
				CLANG_CXX_LANGUAGE_STANDARD = "gnu++14";
				CLANG_CXX_LIBRARY = "libc++";
				CLANG_ENABLE_MODULES = YES;
				CLANG_ENABLE_OBJC_ARC = YES;
				CLANG_ENABLE_OBJC_WEAK = YES;
				CLANG_WARN_BLOCK_CAPTURE_AUTORELEASING = YES;
				CLANG_WARN_BOOL_CONVERSION = YES;
				CLANG_WARN_COMMA = YES;
				CLANG_WARN_CONSTANT_CONVERSION = YES;
				CLANG_WARN_DEPRECATED_OBJC_IMPLEMENTATIONS = YES;
				CLANG_WARN_DIRECT_OBJC_ISA_USAGE = YES_ERROR;
				CLANG_WARN_DOCUMENTATION_COMMENTS = YES;
				CLANG_WARN_EMPTY_BODY = YES;
				CLANG_WARN_ENUM_CONVERSION = YES;
				CLANG_WARN_INFINITE_RECURSION = YES;
				CLANG_WARN_INT_CONVERSION = YES;
				CLANG_WARN_NON_LITERAL_NULL_CONVERSION = YES;
				CLANG_WARN_OBJC_IMPLICIT_RETAIN_SELF = YES;
				CLANG_WARN_OBJC_LITERAL_CONVERSION = YES;
				CLANG_WARN_OBJC_ROOT_CLASS = YES_ERROR;
				CLANG_WARN_RANGE_LOOP_ANALYSIS = YES;
				CLANG_WARN_STRICT_PROTOTYPES = YES;
				CLANG_WARN_SUSPICIOUS_MOVE = YES;
				CLANG_WARN_UNGUARDED_AVAILABILITY = YES_AGGRESSIVE;
				CLANG_WARN_UNREACHABLE_CODE = YES;
				CLANG_WARN__DUPLICATE_METHOD_MATCH = YES;
				COPY_PHASE_STRIP = NO;
				DEBUG_INFORMATION_FORMAT = dwarf;
				ENABLE_STRICT_OBJC_MSGSEND = YES;
				ENABLE_TESTABILITY = YES;
				GCC_C_LANGUAGE_STANDARD = gnu11;
				GCC_DYNAMIC_NO_PIC = NO;
				GCC_NO_COMMON_BLOCKS = YES;
				GCC_OPTIMIZATION_LEVEL = 0;
				GCC_PREPROCESSOR_DEFINITIONS = (
					"DEBUG=1",
					"$(inherited)",
				);
				GCC_WARN_64_TO_32_BIT_CONVERSION = YES;
				GCC_WARN_ABOUT_RETURN_TYPE = YES_ERROR;
				GCC_WARN_UNDECLARED_SELECTOR = YES;
				GCC_WARN_UNINITIALIZED_AUTOS = YES_AGGRESSIVE;
				GCC_WARN_UNUSED_FUNCTION = YES;
				GCC_WARN_UNUSED_VARIABLE = YES;
				IPHONEOS_DEPLOYMENT_TARGET = 13.1;
				MTL_ENABLE_DEBUG_INFO = INCLUDE_SOURCE;
				MTL_FAST_MATH = YES;
				ONLY_ACTIVE_ARCH = YES;
				SDKROOT = iphoneos;
				SWIFT_ACTIVE_COMPILATION_CONDITIONS = DEBUG;
				SWIFT_OPTIMIZATION_LEVEL = "-Onone";
			};
			name = Debug;
		};
		2199FE512481FC6900C11AAE /* Release */ = {
			isa = XCBuildConfiguration;
			buildSettings = {
				ALWAYS_SEARCH_USER_PATHS = NO;
				CLANG_ANALYZER_NONNULL = YES;
				CLANG_ANALYZER_NUMBER_OBJECT_CONVERSION = YES_AGGRESSIVE;
				CLANG_CXX_LANGUAGE_STANDARD = "gnu++14";
				CLANG_CXX_LIBRARY = "libc++";
				CLANG_ENABLE_MODULES = YES;
				CLANG_ENABLE_OBJC_ARC = YES;
				CLANG_ENABLE_OBJC_WEAK = YES;
				CLANG_WARN_BLOCK_CAPTURE_AUTORELEASING = YES;
				CLANG_WARN_BOOL_CONVERSION = YES;
				CLANG_WARN_COMMA = YES;
				CLANG_WARN_CONSTANT_CONVERSION = YES;
				CLANG_WARN_DEPRECATED_OBJC_IMPLEMENTATIONS = YES;
				CLANG_WARN_DIRECT_OBJC_ISA_USAGE = YES_ERROR;
				CLANG_WARN_DOCUMENTATION_COMMENTS = YES;
				CLANG_WARN_EMPTY_BODY = YES;
				CLANG_WARN_ENUM_CONVERSION = YES;
				CLANG_WARN_INFINITE_RECURSION = YES;
				CLANG_WARN_INT_CONVERSION = YES;
				CLANG_WARN_NON_LITERAL_NULL_CONVERSION = YES;
				CLANG_WARN_OBJC_IMPLICIT_RETAIN_SELF = YES;
				CLANG_WARN_OBJC_LITERAL_CONVERSION = YES;
				CLANG_WARN_OBJC_ROOT_CLASS = YES_ERROR;
				CLANG_WARN_RANGE_LOOP_ANALYSIS = YES;
				CLANG_WARN_STRICT_PROTOTYPES = YES;
				CLANG_WARN_SUSPICIOUS_MOVE = YES;
				CLANG_WARN_UNGUARDED_AVAILABILITY = YES_AGGRESSIVE;
				CLANG_WARN_UNREACHABLE_CODE = YES;
				CLANG_WARN__DUPLICATE_METHOD_MATCH = YES;
				COPY_PHASE_STRIP = NO;
				DEBUG_INFORMATION_FORMAT = "dwarf-with-dsym";
				ENABLE_NS_ASSERTIONS = NO;
				ENABLE_STRICT_OBJC_MSGSEND = YES;
				GCC_C_LANGUAGE_STANDARD = gnu11;
				GCC_NO_COMMON_BLOCKS = YES;
				GCC_WARN_64_TO_32_BIT_CONVERSION = YES;
				GCC_WARN_ABOUT_RETURN_TYPE = YES_ERROR;
				GCC_WARN_UNDECLARED_SELECTOR = YES;
				GCC_WARN_UNINITIALIZED_AUTOS = YES_AGGRESSIVE;
				GCC_WARN_UNUSED_FUNCTION = YES;
				GCC_WARN_UNUSED_VARIABLE = YES;
				IPHONEOS_DEPLOYMENT_TARGET = 13.1;
				MTL_ENABLE_DEBUG_INFO = NO;
				MTL_FAST_MATH = YES;
				SDKROOT = iphoneos;
				SWIFT_COMPILATION_MODE = wholemodule;
				SWIFT_OPTIMIZATION_LEVEL = "-O";
				VALIDATE_PRODUCT = YES;
			};
			name = Release;
		};
		2199FE532481FC6900C11AAE /* Debug */ = {
			isa = XCBuildConfiguration;
			buildSettings = {
				ASSETCATALOG_COMPILER_APPICON_NAME = AppIcon;
				CODE_SIGN_STYLE = Automatic;
				INFOPLIST_FILE = TEST7/Info.plist;
				LD_RUNPATH_SEARCH_PATHS = (
					"$(inherited)",
					"@executable_path/Frameworks",
				);
				PRODUCT_BUNDLE_IDENTIFIER = jp.techacademy.miki.takagaki.TEST7;
				PRODUCT_NAME = "$(TARGET_NAME)";
				SWIFT_VERSION = 5.0;
				TARGETED_DEVICE_FAMILY = "1,2";
			};
			name = Debug;
		};
		2199FE542481FC6900C11AAE /* Release */ = {
			isa = XCBuildConfiguration;
			buildSettings = {
				ASSETCATALOG_COMPILER_APPICON_NAME = AppIcon;
				CODE_SIGN_STYLE = Automatic;
				INFOPLIST_FILE = TEST7/Info.plist;
				LD_RUNPATH_SEARCH_PATHS = (
					"$(inherited)",
					"@executable_path/Frameworks",
				);
				PRODUCT_BUNDLE_IDENTIFIER = jp.techacademy.miki.takagaki.TEST7;
				PRODUCT_NAME = "$(TARGET_NAME)";
				SWIFT_VERSION = 5.0;
				TARGETED_DEVICE_FAMILY = "1,2";
			};
			name = Release;
		};
/* End XCBuildConfiguration section */

/* Begin XCConfigurationList section */
		2199FE392481FC6300C11AAE /* Build configuration list for PBXProject "TEST7" */ = {
			isa = XCConfigurationList;
			buildConfigurations = (
				2199FE502481FC6900C11AAE /* Debug */,
				2199FE512481FC6900C11AAE /* Release */,
			);
			defaultConfigurationIsVisible = 0;
			defaultConfigurationName = Release;
		};
		2199FE522481FC6900C11AAE /* Build configuration list for PBXNativeTarget "TEST7" */ = {
			isa = XCConfigurationList;
			buildConfigurations = (
				2199FE532481FC6900C11AAE /* Debug */,
				2199FE542481FC6900C11AAE /* Release */,
			);
			defaultConfigurationIsVisible = 0;
			defaultConfigurationName = Release;
		};
/* End XCConfigurationList section */
	};
	rootObject = 2199FE362481FC6300C11AAE /* Project object */;
}
